
Microsoft Visual Studio Solution File, Format Version 12.00
# Visual Studio Version 17
VisualStudioVersion = 17.4.33205.214
MinimumVisualStudioVersion = 10.0.40219.1
Project("{9A19103F-16F7-4668-BE54-9A1E7A4F7556}") = "DiscordNotification.API", "DiscordNotification.API\DiscordNotification.API.csproj", "{6F5E084C-97CA-4C75-96D1-C21B11B9C81C}"
EndProject
Project("{2150E333-8FDC-42A3-9474-1A3956D46DE8}") = "src", "src", "{BFB3CE67-2763-408F-A9E6-76B1CBBFCE20}"
EndProject
Global
	GlobalSection(SolutionConfigurationPlatforms) = preSolution
		Debug|Any CPU = Debug|Any CPU
		Release|Any CPU = Release|Any CPU
	EndGlobalSection
	GlobalSection(ProjectConfigurationPlatforms) = postSolution
		{6F5E084C-97CA-4C75-96D1-C21B11B9C81C}.Debug|Any CPU.ActiveCfg = Debug|Any CPU
		{6F5E084C-97CA-4C75-96D1-C21B11B9C81C}.Debug|Any CPU.Build.0 = Debug|Any CPU
		{6F5E084C-97CA-4C75-96D1-C21B11B9C81C}.Release|Any CPU.ActiveCfg = Release|Any CPU
		{6F5E084C-97CA-4C75-96D1-C21B11B9C81C}.Release|Any CPU.Build.0 = Release|Any CPU
	EndGlobalSection
	GlobalSection(SolutionProperties) = preSolution
		HideSolutionNode = FALSE
	EndGlobalSection
	GlobalSection(NestedProjects) = preSolution
		{6F5E084C-97CA-4C75-96D1-C21B11B9C81C} = {BFB3CE67-2763-408F-A9E6-76B1CBBFCE20}
	EndGlobalSection
	GlobalSection(ExtensibilityGlobals) = postSolution
		SolutionGuid = {D2CE8136-4F8D-473E-9558-5E5ACCD261DA}
	EndGlobalSection
EndGlobal
